
Microsoft Visual Studio Solution File, Format Version 12.00
# Visual Studio 14
VisualStudioVersion = 14.0.24720.0
MinimumVisualStudioVersion = 10.0.40219.1<% projectNames.forEach(function(projectName) { %>
Project("{<%= solutionguid %>}") = "<%= basenamespace %>.<%= projects[projectName].name %>", "<%= basenamespace %>.<%= projects[projectName].name %>\<%= basenamespace %>.<%= projects[projectName].name %>.csproj", "{<%= projects[projectName].guid %>}"
EndProject<% }) %>
<% webprojectNames.forEach(function(webprojectName) { %>
Project("{<%= solutionguid %>}") = "<%= webprojects[webprojectName].name %>", "Web\<%= webprojects[webprojectName].name %>\<%= webprojects[webprojectName].name %>.csproj", "{<%= webprojects[webprojectName].guid %>}"
EndProject<% }) %>
Project("{2150E333-8FDC-42A3-9474-1A3956D46DE8}") = "Web", "Web", "{<%= webguid %>}"
EndProject
Project("{2150E333-8FDC-42A3-9474-1A3956D46DE8}") = "Solution Items", "Solution Items", "{<%= guid %>}"
	ProjectSection(SolutionItems) = preProject
		Build.bat = Build.bat
		CreateDatabase.sql = CreateDatabase.sql
		GlobalAssemblyInfo.cs = GlobalAssemblyInfo.cs
		Migrate.bat = Migrate.bat
		RebuildDatabase.bat = RebuildDatabase.bat
		Restore.bat = Restore.bat
	EndProjectSection
EndProject
Global
	GlobalSection(SolutionConfigurationPlatforms) = preSolution
		Debug|Any CPU = Debug|Any CPU
		Release|Any CPU = Release|Any CPU
	EndGlobalSection
	GlobalSection(ProjectConfigurationPlatforms) = postSolution<% projectNames.forEach(function(projectName) { %>	
		{<%= projects[projectName].guid %>}.Debug|Any CPU.ActiveCfg = Debug|Any CPU
		{<%= projects[projectName].guid %>}.Debug|Any CPU.Build.0 = Debug|Any CPU
		{<%= projects[projectName].guid %>}.Release|Any CPU.ActiveCfg = Release|Any CPU
		{<%= projects[projectName].guid %>}.Release|Any CPU.Build.0 = Release|Any CPU<% }) %><% webprojectNames.forEach(function(webprojectName) { %>	
		{<%= webprojects[webprojectName].guid %>}.Debug|Any CPU.ActiveCfg = Debug|Any CPU
		{<%= webprojects[webprojectName].guid %>}.Debug|Any CPU.Build.0 = Debug|Any CPU
		{<%= webprojects[webprojectName].guid %>}.Release|Any CPU.ActiveCfg = Release|Any CPU
		{<%= webprojects[webprojectName].guid %>}.Release|Any CPU.Build.0 = Release|Any CPU<% }) %>
	EndGlobalSection
	GlobalSection(SolutionProperties) = preSolution
		HideSolutionNode = FALSE
	EndGlobalSection
	GlobalSection(NestedProjects) = preSolution<% webprojectNames.forEach(function(webprojectName) { %>	
		{<%= webprojects[webprojectName].guid %>} = {<%= webguid %>}<% }) %>	
	EndGlobalSection	
EndGlobal
